lockfileVersion: '9.0'

settings:
  autoInstallPeers: true
  excludeLinksFromLockfile: false

importers:

  .: {}

  packages/protocol:
    dependencies:
      zod:
        specifier: 4.5.4
        version: 4.5.4
    devDependencies:
      '@types/node':
        specifier: 24.9.1
        version: 24.9.1
      typescript:
        specifier: 5.9.2
        version: 5.9.2

packages:

  '@types/node@24.9.1':
    resolution: {integrity: sha512-QoiaXANRkSXK6p0Duvt56W208du4P9Uye9hWLWgGMDTEoKPhuenzNcC4vGUmrNkiOKTlIrBoyNQYNpSwfEZXSg==}

  typescript@5.9.2:
    resolution: {integrity: sha512-CWBzXQrc/qOkhidw1OzBTQuYRbfyxDXJMVJ1XNwUHGROVmuaeiEm3OslpZ1RV96d7SKKjZKrSJu3+t/xlw3R9A==}
    engines: {node: '>=14.17'}
    hasBin: true

  undici-types@7.16.0:
    resolution: {integrity: sha512-Zz+aZWSj8LE6zoxD+xrjh4VfkIG8Ya6LvYkZqtUQGJPZjYl53ypCaUwWqo7eI0x66KBGeRo+mlBEkMSeSZ38Nw==}

  zod@4.5.4:
    resolution: {integrity: sha512-sC95tT5iHHH9gtpj6A81kh+NEaRAUFN+qlUPDUbRfOMvNf5QCBqsb3WgvnpVtK5Y+4UfA6KqufotuTvMGiTlsA==}

snapshots:

  '@types/node@24.9.1':
    dependencies:
      undici-types: 7.16.0

  typescript@5.9.2: {}

  undici-types@7.16.0: {}

  zod@4.5.4: {}
